
Microsoft Visual Studio Solution File, Format Version 12.00
# Visual Studio 15
VisualStudioVersion = 15.0.27703.2042
MinimumVisualStudioVersion = 10.0.40219.1
Project("{FAE04EC0-301F-11D3-BF4B-00C04F79EFBC}") = "WebMediaPortfolioTemplate", "WebMediaPortfolioTemplate\WebMediaPortfolioTemplate.csproj", "{A6C873C8-AAEB-4A22-820A-4C2A21151D96}"
EndProject
Global
	GlobalSection(SolutionConfigurationPlatforms) = preSolution
		Debug|Any CPU = Debug|Any CPU
		Release|Any CPU = Release|Any CPU
	EndGlobalSection
	GlobalSection(ProjectConfigurationPlatforms) = postSolution
		{A6C873C8-AAEB-4A22-820A-4C2A21151D96}.Debug|Any CPU.ActiveCfg = Debug|Any CPU
		{A6C873C8-AAEB-4A22-820A-4C2A21151D96}.Debug|Any CPU.Build.0 = Debug|Any CPU
		{A6C873C8-AAEB-4A22-820A-4C2A21151D96}.Release|Any CPU.ActiveCfg = Release|Any CPU
		{A6C873C8-AAEB-4A22-820A-4C2A21151D96}.Release|Any CPU.Build.0 = Release|Any CPU
	EndGlobalSection
	GlobalSection(SolutionProperties) = preSolution
		HideSolutionNode = FALSE
	EndGlobalSection
	GlobalSection(ExtensibilityGlobals) = postSolution
		SolutionGuid = {97A121E3-9084-4764-99F0-1EC246A63BCD}
	EndGlobalSection
EndGlobal
